
Microsoft Visual Studio Solution File, Format Version 12.00
# Visual Studio 14
VisualStudioVersion = 14.0.24720.0
MinimumVisualStudioVersion = 10.0.40219.1
Project("{FAE04EC0-301F-11D3-BF4B-00C04F79EFBC}") = "Player", "Player\Player.csproj", "{BE5A278F-183F-4EA8-A594-5F96827E341A}"
EndProject
Project("{FAE04EC0-301F-11D3-BF4B-00C04F79EFBC}") = "Gold", "Gold\Gold.csproj", "{662B2F0D-7EEF-4233-8C10-154DA8ACC24F}"
EndProject
Global
	GlobalSection(SolutionConfigurationPlatforms) = preSolution
		Debug|Any CPU = Debug|Any CPU
		Release|Any CPU = Release|Any CPU
	EndGlobalSection
	GlobalSection(ProjectConfigurationPlatforms) = postSolution
		{BE5A278F-183F-4EA8-A594-5F96827E341A}.Debug|Any CPU.ActiveCfg = Debug|Any CPU
		{BE5A278F-183F-4EA8-A594-5F96827E341A}.Debug|Any CPU.Build.0 = Debug|Any CPU
		{BE5A278F-183F-4EA8-A594-5F96827E341A}.Release|Any CPU.ActiveCfg = Release|Any CPU
		{BE5A278F-183F-4EA8-A594-5F96827E341A}.Release|Any CPU.Build.0 = Release|Any CPU
		{662B2F0D-7EEF-4233-8C10-154DA8ACC24F}.Debug|Any CPU.ActiveCfg = Debug|Any CPU
		{662B2F0D-7EEF-4233-8C10-154DA8ACC24F}.Debug|Any CPU.Build.0 = Debug|Any CPU
		{662B2F0D-7EEF-4233-8C10-154DA8ACC24F}.Release|Any CPU.ActiveCfg = Release|Any CPU
		{662B2F0D-7EEF-4233-8C10-154DA8ACC24F}.Release|Any CPU.Build.0 = Release|Any CPU
	EndGlobalSection
	GlobalSection(SolutionProperties) = preSolution
		HideSolutionNode = FALSE
	EndGlobalSection
EndGlobal
